
Microsoft Visual Studio Solution File, Format Version 12.00
# Visual Studio Version 17
VisualStudioVersion = 17.8.34330.188
MinimumVisualStudioVersion = 10.0.40219.1
Project("{FAE04EC0-301F-11D3-BF4B-00C04F79EFBC}") = "SistemaGestion", "SistemaGestion\SistemaGestion.csproj", "{48FEEB09-3BD0-4E1B-B7D5-F5CC63025E8D}"
EndProject
Project("{FAE04EC0-301F-11D3-BF4B-00C04F79EFBC}") = "SistemaGestionBussiness", "SistemaGestionBussiness\SistemaGestionBussiness.csproj", "{FB02179D-2005-48E8-BFED-1E654851D579}"
EndProject
Project("{FAE04EC0-301F-11D3-BF4B-00C04F79EFBC}") = "SistemaGestionUI", "SistemaGestionUI\SistemaGestionUI.csproj", "{1F08CABB-BC3A-4A90-9838-DAAF67178D8D}"
EndProject
Project("{FAE04EC0-301F-11D3-BF4B-00C04F79EFBC}") = "SistemaGestionData", "SistemaGestionData\SistemaGestionData.csproj", "{C4B7F54F-47E8-4B14-9E30-1F689B8541C1}"
EndProject
Project("{FAE04EC0-301F-11D3-BF4B-00C04F79EFBC}") = "SistemaGestionEntities", "SistemaGestionEntities\SistemaGestionEntities.csproj", "{49E48CE4-3842-47CB-9775-F5045355E1F8}"
EndProject
Global
	GlobalSection(SolutionConfigurationPlatforms) = preSolution
		Debug|Any CPU = Debug|Any CPU
		Release|Any CPU = Release|Any CPU
	EndGlobalSection
	GlobalSection(ProjectConfigurationPlatforms) = postSolution
		{48FEEB09-3BD0-4E1B-B7D5-F5CC63025E8D}.Debug|Any CPU.ActiveCfg = Debug|Any CPU
		{48FEEB09-3BD0-4E1B-B7D5-F5CC63025E8D}.Debug|Any CPU.Build.0 = Debug|Any CPU
		{48FEEB09-3BD0-4E1B-B7D5-F5CC63025E8D}.Release|Any CPU.ActiveCfg = Release|Any CPU
		{48FEEB09-3BD0-4E1B-B7D5-F5CC63025E8D}.Release|Any CPU.Build.0 = Release|Any CPU
		{FB02179D-2005-48E8-BFED-1E654851D579}.Debug|Any CPU.ActiveCfg = Debug|Any CPU
		{FB02179D-2005-48E8-BFED-1E654851D579}.Debug|Any CPU.Build.0 = Debug|Any CPU
		{FB02179D-2005-48E8-BFED-1E654851D579}.Release|Any CPU.ActiveCfg = Release|Any CPU
		{FB02179D-2005-48E8-BFED-1E654851D579}.Release|Any CPU.Build.0 = Release|Any CPU
		{1F08CABB-BC3A-4A90-9838-DAAF67178D8D}.Debug|Any CPU.ActiveCfg = Debug|Any CPU
		{1F08CABB-BC3A-4A90-9838-DAAF67178D8D}.Debug|Any CPU.Build.0 = Debug|Any CPU
		{1F08CABB-BC3A-4A90-9838-DAAF67178D8D}.Release|Any CPU.ActiveCfg = Release|Any CPU
		{1F08CABB-BC3A-4A90-9838-DAAF67178D8D}.Release|Any CPU.Build.0 = Release|Any CPU
		{C4B7F54F-47E8-4B14-9E30-1F689B8541C1}.Debug|Any CPU.ActiveCfg = Debug|Any CPU
		{C4B7F54F-47E8-4B14-9E30-1F689B8541C1}.Debug|Any CPU.Build.0 = Debug|Any CPU
		{C4B7F54F-47E8-4B14-9E30-1F689B8541C1}.Release|Any CPU.ActiveCfg = Release|Any CPU
		{C4B7F54F-47E8-4B14-9E30-1F689B8541C1}.Release|Any CPU.Build.0 = Release|Any CPU
		{49E48CE4-3842-47CB-9775-F5045355E1F8}.Debug|Any CPU.ActiveCfg = Debug|Any CPU
		{49E48CE4-3842-47CB-9775-F5045355E1F8}.Debug|Any CPU.Build.0 = Debug|Any CPU
		{49E48CE4-3842-47CB-9775-F5045355E1F8}.Release|Any CPU.ActiveCfg = Release|Any CPU
		{49E48CE4-3842-47CB-9775-F5045355E1F8}.Release|Any CPU.Build.0 = Release|Any CPU
	EndGlobalSection
	GlobalSection(SolutionProperties) = preSolution
		HideSolutionNode = FALSE
	EndGlobalSection
	GlobalSection(ExtensibilityGlobals) = postSolution
		SolutionGuid = {D72C153B-72CD-49BF-84DE-60691505B18D}
	EndGlobalSection
EndGlobal
